lockfileVersion: '9.0'

settings:
  autoInstallPeers: true
  excludeLinksFromLockfile: false

importers:

  .:
    dependencies:
      electron-store:
        specifier: ^10.0.1
        version: 10.0.1
    devDependencies:
      '@types/electron-store':
        specifier: ^1.3.1
        version: 1.3.1

packages:

  '@types/electron-store@1.3.1':
    resolution: {integrity: sha512-RvEAlIWcy7ATEMeyw481SdnuceN6Pd2Qh5KSW5NohwtY1t1uP0MmC3Cvoszd+ueGLqTKCpRwhCJY4qdER5QQVA==}

  '@types/node@22.13.14':
    resolution: {integrity: sha512-Zs/Ollc1SJ8nKUAgc7ivOEdIBM8JAKgrqqUYi2J997JuKO7/tpQC+WCetQ1sypiKCQWHdvdg9wBNpUPEWZae7w==}

  ajv-formats@3.0.1:
    resolution: {integrity: sha512-8iUql50EUR+uUcdRQ3HDqa6EVyo3docL8g5WJ3FNcWmu62IbkGUue/pEyLBW8VGKKucTPgqeks4fIU1DA4yowQ==}
    peerDependencies:
      ajv: ^8.0.0
    peerDependenciesMeta:
      ajv:
        optional: true

  ajv@8.17.1:
    resolution: {integrity: sha512-B/gBuNg5SiMTrPkC+A2+cW0RszwxYmn6VYxB/inlBStS5nx6xHIt/ehKRhIMhqusl7a8LjQoZnjCs5vhwxOQ1g==}

  atomically@2.0.3:
    resolution: {integrity: sha512-kU6FmrwZ3Lx7/7y3hPS5QnbJfaohcIul5fGqf7ok+4KklIEk9tJ0C2IQPdacSbVUWv6zVHXEBWoWd6NrVMT7Cw==}

  conf@13.1.0:
    resolution: {integrity: sha512-Bi6v586cy1CoTFViVO4lGTtx780lfF96fUmS1lSX6wpZf6330NvHUu6fReVuDP1de8Mg0nkZb01c8tAQdz1o3w==}
    engines: {node: '>=18'}

  debounce-fn@6.0.0:
    resolution: {integrity: sha512-rBMW+F2TXryBwB54Q0d8drNEI+TfoS9JpNTAoVpukbWEhjXQq4rySFYLaqXMFXwdv61Zb2OHtj5bviSoimqxRQ==}
    engines: {node: '>=18'}

  dot-prop@9.0.0:
    resolution: {integrity: sha512-1gxPBJpI/pcjQhKgIU91II6Wkay+dLcN3M6rf2uwP8hRur3HtQXjVrdAK3sjC0piaEuxzMwjXChcETiJl47lAQ==}
    engines: {node: '>=18'}

  electron-store@10.0.1:
    resolution: {integrity: sha512-Ok0bF13WWdTzZi9rCtPN8wUfwx+yDMmV6PAnCMqjNRKEXHmklW/rV+6DofV/Vf5qoAh+Bl9Bj7dQ+0W+IL2psg==}
    engines: {node: '>=20'}

  env-paths@3.0.0:
    resolution: {integrity: sha512-dtJUTepzMW3Lm/NPxRf3wP4642UWhjL2sQxc+ym2YMj1m/H2zDNQOlezafzkHwn6sMstjHTwG6iQQsctDW/b1A==}
    engines: {node: ^12.20.0 || ^14.13.1 || >=16.0.0}

  fast-deep-equal@3.1.3:
    resolution: {integrity: sha512-f3qQ9oQy9j2AhBe/H9VC91wLmKBCCU/gDOnKNAYG5hswO7BLKj09Hc5HYNz9cGI++xlpDCIgDaitVs03ATR84Q==}

  fast-uri@3.0.6:
    resolution: {integrity: sha512-Atfo14OibSv5wAp4VWNsFYE1AchQRTv9cBGWET4pZWHzYshFSS9NQI6I57rdKn9croWVMbYFbLhJ+yJvmZIIHw==}

  json-schema-traverse@1.0.0:
    resolution: {integrity: sha512-NM8/P9n3XjXhIZn1lLhkFaACTOURQXjWhV4BA/RnOv8xvgqtqpAX9IO4mRQxSx1Rlo4tqzeqb0sOlruaOy3dug==}

  json-schema-typed@8.0.1:
    resolution: {integrity: sha512-XQmWYj2Sm4kn4WeTYvmpKEbyPsL7nBsb647c7pMe6l02/yx2+Jfc4dT6UZkEXnIUb5LhD55r2HPsJ1milQ4rDg==}

  mimic-function@5.0.1:
    resolution: {integrity: sha512-VP79XUPxV2CigYP3jWwAUFSku2aKqBH7uTAapFWCBqutsbmDo96KY5o8uh6U+/YSIn5OxJnXp73beVkpqMIGhA==}
    engines: {node: '>=18'}

  require-from-string@2.0.2:
    resolution: {integrity: sha512-Xf0nWe6RseziFMu+Ap9biiUbmplq6S9/p+7w7YXP/JBHhrUDDUhwa+vANyubuqfZWTveU//DYVGsDG7RKL/vEw==}
    engines: {node: '>=0.10.0'}

  semver@7.7.1:
    resolution: {integrity: sha512-hlq8tAfn0m/61p4BVRcPzIGr6LKiMwo4VM6dGi6pt4qcRkmNzTcWq6eCEjEh+qXjkMDvPlOFFSGwQjoEa6gyMA==}
    engines: {node: '>=10'}
    hasBin: true

  stubborn-fs@1.2.5:
    resolution: {integrity: sha512-H2N9c26eXjzL/S/K+i/RHHcFanE74dptvvjM8iwzwbVcWY/zjBbgRqF3K0DY4+OD+uTTASTBvDoxPDaPN02D7g==}

  type-fest@4.38.0:
    resolution: {integrity: sha512-2dBz5D5ycHIoliLYLi0Q2V7KRaDlH0uWIvmk7TYlAg5slqwiPv1ezJdZm1QEM0xgk29oYWMCbIG7E6gHpvChlg==}
    engines: {node: '>=16'}

  uint8array-extras@1.4.0:
    resolution: {integrity: sha512-ZPtzy0hu4cZjv3z5NW9gfKnNLjoz4y6uv4HlelAjDK7sY/xOkKZv9xK/WQpcsBB3jEybChz9DPC2U/+cusjJVQ==}
    engines: {node: '>=18'}

  undici-types@6.20.0:
    resolution: {integrity: sha512-Ny6QZ2Nju20vw1SRHe3d9jVu6gJ+4e3+MMpqu7pqE5HT6WsTSlce++GQmK5UXS8mzV8DSYHrQH+Xrf2jVcuKNg==}

  when-exit@2.1.4:
    resolution: {integrity: sha512-4rnvd3A1t16PWzrBUcSDZqcAmsUIy4minDXT/CZ8F2mVDgd65i4Aalimgz1aQkRGU0iH5eT5+6Rx2TK8o443Pg==}

snapshots:

  '@types/electron-store@1.3.1':
    dependencies:
      '@types/node': 22.13.14

  '@types/node@22.13.14':
    dependencies:
      undici-types: 6.20.0

  ajv-formats@3.0.1(ajv@8.17.1):
    optionalDependencies:
      ajv: 8.17.1

  ajv@8.17.1:
    dependencies:
      fast-deep-equal: 3.1.3
      fast-uri: 3.0.6
      json-schema-traverse: 1.0.0
      require-from-string: 2.0.2

  atomically@2.0.3:
    dependencies:
      stubborn-fs: 1.2.5
      when-exit: 2.1.4

  conf@13.1.0:
    dependencies:
      ajv: 8.17.1
      ajv-formats: 3.0.1(ajv@8.17.1)
      atomically: 2.0.3
      debounce-fn: 6.0.0
      dot-prop: 9.0.0
      env-paths: 3.0.0
      json-schema-typed: 8.0.1
      semver: 7.7.1
      uint8array-extras: 1.4.0

  debounce-fn@6.0.0:
    dependencies:
      mimic-function: 5.0.1

  dot-prop@9.0.0:
    dependencies:
      type-fest: 4.38.0

  electron-store@10.0.1:
    dependencies:
      conf: 13.1.0
      type-fest: 4.38.0

  env-paths@3.0.0: {}

  fast-deep-equal@3.1.3: {}

  fast-uri@3.0.6: {}

  json-schema-traverse@1.0.0: {}

  json-schema-typed@8.0.1: {}

  mimic-function@5.0.1: {}

  require-from-string@2.0.2: {}

  semver@7.7.1: {}

  stubborn-fs@1.2.5: {}

  type-fest@4.38.0: {}

  uint8array-extras@1.4.0: {}

  undici-types@6.20.0: {}

  when-exit@2.1.4: {}
